// !$*UTF8*$!
{
	archiveVersion = 1;
	classes = {
	};
	objectVersion = 56;
	objects = {

/* Begin PBXBuildFile section */
		E36062A22BE680640025D152 /* MolkkyCounterPointApp.swift in Sources */ = {isa = PBXBuildFile; fileRef = E36062A12BE680640025D152 /* MolkkyCounterPointApp.swift */; };
		E36062A42BE680640025D152 /* ContentView.swift in Sources */ = {isa = PBXBuildFile; fileRef = E36062A32BE680640025D152 /* ContentView.swift */; };
		E36062A62BE680660025D152 /* Assets.xcassets in Resources */ = {isa = PBXBuildFile; fileRef = E36062A52BE680660025D152 /* Assets.xcassets */; };
		E36062AA2BE680660025D152 /* Preview Assets.xcassets in Resources */ = {isa = PBXBuildFile; fileRef = E36062A92BE680660025D152 /* Preview Assets.xcassets */; };
		E36062B52BE680E50025D152 /* GameBrain.swift in Sources */ = {isa = PBXBuildFile; fileRef = E36062B22BE680E50025D152 /* GameBrain.swift */; };
		E36062B62BE680E50025D152 /* Player.swift in Sources */ = {isa = PBXBuildFile; fileRef = E36062B32BE680E50025D152 /* Player.swift */; };
		E36062B72BE680E50025D152 /* Message.swift in Sources */ = {isa = PBXBuildFile; fileRef = E36062B42BE680E50025D152 /* Message.swift */; };
		E36062BC2BE680ED0025D152 /* InscriptionDesParticipant.swift in Sources */ = {isa = PBXBuildFile; fileRef = E36062B82BE680ED0025D152 /* InscriptionDesParticipant.swift */; };
		E36062BD2BE680ED0025D152 /* MolkyGrid.swift in Sources */ = {isa = PBXBuildFile; fileRef = E36062B92BE680ED0025D152 /* MolkyGrid.swift */; };
		E36062BE2BE680ED0025D152 /* PageDemarrage.swift in Sources */ = {isa = PBXBuildFile; fileRef = E36062BA2BE680ED0025D152 /* PageDemarrage.swift */; };
		E36062C02BE681020025D152 /* EcranDejeux.swift in Sources */ = {isa = PBXBuildFile; fileRef = E36062BF2BE681020025D152 /* EcranDejeux.swift */; };
		E36062C22BE681070025D152 /* EcranClassementFin.swift in Sources */ = {isa = PBXBuildFile; fileRef = E36062C12BE681070025D152 /* EcranClassementFin.swift */; };
		E36062C52BE681150025D152 /* MolkyGridController.swift in Sources */ = {isa = PBXBuildFile; fileRef = E36062C42BE681150025D152 /* MolkyGridController.swift */; };
		E36062C72BE681230025D152 /* WatchConnector.swift in Sources */ = {isa = PBXBuildFile; fileRef = E36062C62BE681230025D152 /* WatchConnector.swift */; };
		E3FE11152BF4AC900013DA0F /* MolkkyCounterPointWatchApp.swift in Sources */ = {isa = PBXBuildFile; fileRef = E3FE11142BF4AC900013DA0F /* MolkkyCounterPointWatchApp.swift */; };
		E3FE11172BF4AC900013DA0F /* ContentView.swift in Sources */ = {isa = PBXBuildFile; fileRef = E3FE11162BF4AC900013DA0F /* ContentView.swift */; };
		E3FE11192BF4AC900013DA0F /* Assets.xcassets in Resources */ = {isa = PBXBuildFile; fileRef = E3FE11182BF4AC900013DA0F /* Assets.xcassets */; };
		E3FE111C2BF4AC900013DA0F /* Preview Assets.xcassets in Resources */ = {isa = PBXBuildFile; fileRef = E3FE111B2BF4AC900013DA0F /* Preview Assets.xcassets */; };
		E3FE111F2BF4AC900013DA0F /* MolkkyCounterPointWatch Watch App.app in Embed Watch Content */ = {isa = PBXBuildFile; fileRef = E3FE11122BF4AC900013DA0F /* MolkkyCounterPointWatch Watch App.app */; settings = {ATTRIBUTES = (RemoveHeadersOnCopy, ); }; };
		E3FE11252BF4ACFB0013DA0F /* WatchToIos.swift in Sources */ = {isa = PBXBuildFile; fileRef = E3FE11242BF4ACFB0013DA0F /* WatchToIos.swift */; };
		E3FE11272BF4AD010013DA0F /* PageDemarrage.swift in Sources */ = {isa = PBXBuildFile; fileRef = E3FE11262BF4AD010013DA0F /* PageDemarrage.swift */; };
		E3FE11292BF4AD060013DA0F /* EcranClassementFinWatch.swift in Sources */ = {isa = PBXBuildFile; fileRef = E3FE11282BF4AD060013DA0F /* EcranClassementFinWatch.swift */; };
		E3FE112B2BF4AD110013DA0F /* EcranJeuxWatch.swift in Sources */ = {isa = PBXBuildFile; fileRef = E3FE112A2BF4AD110013DA0F /* EcranJeuxWatch.swift */; };
		E3FE112C2BF4AD550013DA0F /* GameBrain.swift in Sources */ = {isa = PBXBuildFile; fileRef = E36062B22BE680E50025D152 /* GameBrain.swift */; };
		E3FE112D2BF4AD550013DA0F /* Message.swift in Sources */ = {isa = PBXBuildFile; fileRef = E36062B42BE680E50025D152 /* Message.swift */; };
		E3FE112E2BF4AD550013DA0F /* Player.swift in Sources */ = {isa = PBXBuildFile; fileRef = E36062B32BE680E50025D152 /* Player.swift */; };
/* End PBXBuildFile section */

/* Begin PBXContainerItemProxy section */
		E3FE111D2BF4AC900013DA0F /* PBXContainerItemProxy */ = {
			isa = PBXContainerItemProxy;
			containerPortal = E36062962BE680640025D152 /* Project object */;
			proxyType = 1;
			remoteGlobalIDString = E3FE11112BF4AC900013DA0F;
			remoteInfo = "MolkkyCounterPointWatch Watch App";
		};
/* End PBXContainerItemProxy section */

/* Begin PBXCopyFilesBuildPhase section */
		E3FE11202BF4AC900013DA0F /* Embed Watch Content */ = {
			isa = PBXCopyFilesBuildPhase;
			buildActionMask = 2147483647;
			dstPath = "$(CONTENTS_FOLDER_PATH)/Watch";
			dstSubfolderSpec = 16;
			files = (
				E3FE111F2BF4AC900013DA0F /* MolkkyCounterPointWatch Watch App.app in Embed Watch Content */,
			);
			name = "Embed Watch Content";
			runOnlyForDeploymentPostprocessing = 0;
		};
/* End PBXCopyFilesBuildPhase section */

/* Begin PBXFileReference section */
		E360629E2BE680640025D152 /* MolkkyCounterPoint.app */ = {isa = PBXFileReference; explicitFileType = wrapper.application; includeInIndex = 0; path = MolkkyCounterPoint.app; sourceTree = BUILT_PRODUCTS_DIR; };
		E36062A12BE680640025D152 /* MolkkyCounterPointApp.swift */ = {isa = PBXFileReference; lastKnownFileType = sourcecode.swift; path = MolkkyCounterPointApp.swift; sourceTree = "<group>"; };
		E36062A32BE680640025D152 /* ContentView.swift */ = {isa = PBXFileReference; lastKnownFileType = sourcecode.swift; path = ContentView.swift; sourceTree = "<group>"; };
		E36062A52BE680660025D152 /* Assets.xcassets */ = {isa = PBXFileReference; lastKnownFileType = folder.assetcatalog; path = Assets.xcassets; sourceTree = "<group>"; };
		E36062A72BE680660025D152 /* MolkkyCounterPoint.entitlements */ = {isa = PBXFileReference; lastKnownFileType = text.plist.entitlements; path = MolkkyCounterPoint.entitlements; sourceTree = "<group>"; };
		E36062A92BE680660025D152 /* Preview Assets.xcassets */ = {isa = PBXFileReference; lastKnownFileType = folder.assetcatalog; path = "Preview Assets.xcassets"; sourceTree = "<group>"; };
		E36062B22BE680E50025D152 /* GameBrain.swift */ = {isa = PBXFileReference; fileEncoding = 4; lastKnownFileType = sourcecode.swift; path = GameBrain.swift; sourceTree = "<group>"; };
		E36062B32BE680E50025D152 /* Player.swift */ = {isa = PBXFileReference; fileEncoding = 4; lastKnownFileType = sourcecode.swift; path = Player.swift; sourceTree = "<group>"; };
		E36062B42BE680E50025D152 /* Message.swift */ = {isa = PBXFileReference; fileEncoding = 4; lastKnownFileType = sourcecode.swift; path = Message.swift; sourceTree = "<group>"; };
		E36062B82BE680ED0025D152 /* InscriptionDesParticipant.swift */ = {isa = PBXFileReference; fileEncoding = 4; lastKnownFileType = sourcecode.swift; path = InscriptionDesParticipant.swift; sourceTree = "<group>"; };
		E36062B92BE680ED0025D152 /* MolkyGrid.swift */ = {isa = PBXFileReference; fileEncoding = 4; lastKnownFileType = sourcecode.swift; path = MolkyGrid.swift; sourceTree = "<group>"; };
		E36062BA2BE680ED0025D152 /* PageDemarrage.swift */ = {isa = PBXFileReference; fileEncoding = 4; lastKnownFileType = sourcecode.swift; path = PageDemarrage.swift; sourceTree = "<group>"; };
		E36062BF2BE681020025D152 /* EcranDejeux.swift */ = {isa = PBXFileReference; fileEncoding = 4; lastKnownFileType = sourcecode.swift; path = EcranDejeux.swift; sourceTree = "<group>"; };
		E36062C12BE681070025D152 /* EcranClassementFin.swift */ = {isa = PBXFileReference; fileEncoding = 4; lastKnownFileType = sourcecode.swift; path = EcranClassementFin.swift; sourceTree = "<group>"; };
		E36062C42BE681150025D152 /* MolkyGridController.swift */ = {isa = PBXFileReference; fileEncoding = 4; lastKnownFileType = sourcecode.swift; path = MolkyGridController.swift; sourceTree = "<group>"; };
		E36062C62BE681230025D152 /* WatchConnector.swift */ = {isa = PBXFileReference; fileEncoding = 4; lastKnownFileType = sourcecode.swift; path = WatchConnector.swift; sourceTree = "<group>"; };
		E3FE11122BF4AC900013DA0F /* MolkkyCounterPointWatch Watch App.app */ = {isa = PBXFileReference; explicitFileType = wrapper.application; includeInIndex = 0; path = "MolkkyCounterPointWatch Watch App.app"; sourceTree = BUILT_PRODUCTS_DIR; };
		E3FE11142BF4AC900013DA0F /* MolkkyCounterPointWatchApp.swift */ = {isa = PBXFileReference; lastKnownFileType = sourcecode.swift; path = MolkkyCounterPointWatchApp.swift; sourceTree = "<group>"; };
		E3FE11162BF4AC900013DA0F /* ContentView.swift */ = {isa = PBXFileReference; lastKnownFileType = sourcecode.swift; path = ContentView.swift; sourceTree = "<group>"; };
		E3FE11182BF4AC900013DA0F /* Assets.xcassets */ = {isa = PBXFileReference; lastKnownFileType = folder.assetcatalog; path = Assets.xcassets; sourceTree = "<group>"; };
		E3FE111B2BF4AC900013DA0F /* Preview Assets.xcassets */ = {isa = PBXFileReference; lastKnownFileType = folder.assetcatalog; path = "Preview Assets.xcassets"; sourceTree = "<group>"; };
		E3FE11242BF4ACFB0013DA0F /* WatchToIos.swift */ = {isa = PBXFileReference; fileEncoding = 4; lastKnownFileType = sourcecode.swift; path = WatchToIos.swift; sourceTree = "<group>"; };
		E3FE11262BF4AD010013DA0F /* PageDemarrage.swift */ = {isa = PBXFileReference; fileEncoding = 4; lastKnownFileType = sourcecode.swift; path = PageDemarrage.swift; sourceTree = "<group>"; };
		E3FE11282BF4AD060013DA0F /* EcranClassementFinWatch.swift */ = {isa = PBXFileReference; fileEncoding = 4; lastKnownFileType = sourcecode.swift; path = EcranClassementFinWatch.swift; sourceTree = "<group>"; };
		E3FE112A2BF4AD110013DA0F /* EcranJeuxWatch.swift */ = {isa = PBXFileReference; fileEncoding = 4; lastKnownFileType = sourcecode.swift; path = EcranJeuxWatch.swift; sourceTree = "<group>"; };
/* End PBXFileReference section */

/* Begin PBXFrameworksBuildPhase section */
		E360629B2BE680640025D152 /* Frameworks */ = {
			isa = PBXFrameworksBuildPhase;
			buildActionMask = 2147483647;
			files = (
			);
			runOnlyForDeploymentPostprocessing = 0;
		};
		E3FE110F2BF4AC900013DA0F /* Frameworks */ = {
			isa = PBXFrameworksBuildPhase;
			buildActionMask = 2147483647;
			files = (
			);
			runOnlyForDeploymentPostprocessing = 0;
		};
/* End PBXFrameworksBuildPhase section */

/* Begin PBXGroup section */
		E36062952BE680640025D152 = {
			isa = PBXGroup;
			children = (
				E36062A02BE680640025D152 /* MolkkyCounterPoint */,
				E3FE11132BF4AC900013DA0F /* MolkkyCounterPointWatch Watch App */,
				E360629F2BE680640025D152 /* Products */,
			);
			sourceTree = "<group>";
		};
		E360629F2BE680640025D152 /* Products */ = {
			isa = PBXGroup;
			children = (
				E360629E2BE680640025D152 /* MolkkyCounterPoint.app */,
				E3FE11122BF4AC900013DA0F /* MolkkyCounterPointWatch Watch App.app */,
			);
			name = Products;
			sourceTree = "<group>";
		};
		E36062A02BE680640025D152 /* MolkkyCounterPoint */ = {
			isa = PBXGroup;
			children = (
				E36062C62BE681230025D152 /* WatchConnector.swift */,
				E36062A12BE680640025D152 /* MolkkyCounterPointApp.swift */,
				E36062A32BE680640025D152 /* ContentView.swift */,
				E36062B12BE680C00025D152 /* Model */,
				E36062BB2BE680ED0025D152 /* View */,
				E36062C32BE6810F0025D152 /* Controler */,
				E36062A52BE680660025D152 /* Assets.xcassets */,
				E36062A72BE680660025D152 /* MolkkyCounterPoint.entitlements */,
				E36062A82BE680660025D152 /* Preview Content */,
			);
			path = MolkkyCounterPoint;
			sourceTree = "<group>";
		};
		E36062A82BE680660025D152 /* Preview Content */ = {
			isa = PBXGroup;
			children = (
				E36062A92BE680660025D152 /* Preview Assets.xcassets */,
			);
			path = "Preview Content";
			sourceTree = "<group>";
		};
		E36062B12BE680C00025D152 /* Model */ = {
			isa = PBXGroup;
			children = (
				E36062B22BE680E50025D152 /* GameBrain.swift */,
				E36062B42BE680E50025D152 /* Message.swift */,
				E36062B32BE680E50025D152 /* Player.swift */,
			);
			path = Model;
			sourceTree = "<group>";
		};
		E36062BB2BE680ED0025D152 /* View */ = {
			isa = PBXGroup;
			children = (
				E36062B82BE680ED0025D152 /* InscriptionDesParticipant.swift */,
				E36062BF2BE681020025D152 /* EcranDejeux.swift */,
				E36062C12BE681070025D152 /* EcranClassementFin.swift */,
				E36062B92BE680ED0025D152 /* MolkyGrid.swift */,
				E36062BA2BE680ED0025D152 /* PageDemarrage.swift */,
			);
			path = View;
			sourceTree = "<group>";
		};
		E36062C32BE6810F0025D152 /* Controler */ = {
			isa = PBXGroup;
			children = (
				E36062C42BE681150025D152 /* MolkyGridController.swift */,
			);
			path = Controler;
			sourceTree = "<group>";
		};
		E3FE11132BF4AC900013DA0F /* MolkkyCounterPointWatch Watch App */ = {
			isa = PBXGroup;
			children = (
				E3FE11142BF4AC900013DA0F /* MolkkyCounterPointWatchApp.swift */,
				E3FE112A2BF4AD110013DA0F /* EcranJeuxWatch.swift */,
				E3FE11162BF4AC900013DA0F /* ContentView.swift */,
				E3FE11282BF4AD060013DA0F /* EcranClassementFinWatch.swift */,
				E3FE11262BF4AD010013DA0F /* PageDemarrage.swift */,
				E3FE11242BF4ACFB0013DA0F /* WatchToIos.swift */,
				E3FE11182BF4AC900013DA0F /* Assets.xcassets */,
				E3FE111A2BF4AC900013DA0F /* Preview Content */,
			);
			path = "MolkkyCounterPointWatch Watch App";
			sourceTree = "<group>";
		};
		E3FE111A2BF4AC900013DA0F /* Preview Content */ = {
			isa = PBXGroup;
			children = (
				E3FE111B2BF4AC900013DA0F /* Preview Assets.xcassets */,
			);
			path = "Preview Content";
			sourceTree = "<group>";
		};
/* End PBXGroup section */

/* Begin PBXNativeTarget section */
		E360629D2BE680640025D152 /* MolkkyCounterPoint */ = {
			isa = PBXNativeTarget;
			buildConfigurationList = E36062AD2BE680660025D152 /* Build configuration list for PBXNativeTarget "MolkkyCounterPoint" */;
			buildPhases = (
				E360629A2BE680640025D152 /* Sources */,
				E360629B2BE680640025D152 /* Frameworks */,
				E360629C2BE680640025D152 /* Resources */,
				E36062C82BE6818A0025D152 /* ShellScript */,
				E3FE11202BF4AC900013DA0F /* Embed Watch Content */,
			);
			buildRules = (
			);
			dependencies = (
				E3FE111E2BF4AC900013DA0F /* PBXTargetDependency */,
			);
			name = MolkkyCounterPoint;
			productName = MolkkyCounterPoint;
			productReference = E360629E2BE680640025D152 /* MolkkyCounterPoint.app */;
			productType = "com.apple.product-type.application";
		};
		E3FE11112BF4AC900013DA0F /* MolkkyCounterPointWatch Watch App */ = {
			isa = PBXNativeTarget;
			buildConfigurationList = E3FE11232BF4AC900013DA0F /* Build configuration list for PBXNativeTarget "MolkkyCounterPointWatch Watch App" */;
			buildPhases = (
				E3FE110E2BF4AC900013DA0F /* Sources */,
				E3FE110F2BF4AC900013DA0F /* Frameworks */,
				E3FE11102BF4AC900013DA0F /* Resources */,
			);
			buildRules = (
			);
			dependencies = (
			);
			name = "MolkkyCounterPointWatch Watch App";
			productName = "MolkkyCounterPointWatch Watch App";
			productReference = E3FE11122BF4AC900013DA0F /* MolkkyCounterPointWatch Watch App.app */;
			productType = "com.apple.product-type.application";
		};
/* End PBXNativeTarget section */

/* Begin PBXProject section */
		E36062962BE680640025D152 /* Project object */ = {
			isa = PBXProject;
			attributes = {
				BuildIndependentTargetsInParallel = 1;
				LastSwiftUpdateCheck = 1530;
				LastUpgradeCheck = 1530;
				TargetAttributes = {
					E360629D2BE680640025D152 = {
						CreatedOnToolsVersion = 15.3;
					};
					E3FE11112BF4AC900013DA0F = {
						CreatedOnToolsVersion = 15.3;
					};
				};
			};
			buildConfigurationList = E36062992BE680640025D152 /* Build configuration list for PBXProject "MolkkyCounterPoint" */;
			compatibilityVersion = "Xcode 14.0";
			developmentRegion = en;
			hasScannedForEncodings = 0;
			knownRegions = (
				en,
				Base,
			);
			mainGroup = E36062952BE680640025D152;
			productRefGroup = E360629F2BE680640025D152 /* Products */;
			projectDirPath = "";
			projectRoot = "";
			targets = (
				E360629D2BE680640025D152 /* MolkkyCounterPoint */,
				E3FE11112BF4AC900013DA0F /* MolkkyCounterPointWatch Watch App */,
			);
		};
/* End PBXProject section */

/* Begin PBXResourcesBuildPhase section */
		E360629C2BE680640025D152 /* Resources */ = {
			isa = PBXResourcesBuildPhase;
			buildActionMask = 2147483647;
			files = (
				E36062AA2BE680660025D152 /* Preview Assets.xcassets in Resources */,
				E36062A62BE680660025D152 /* Assets.xcassets in Resources */,
			);
			runOnlyForDeploymentPostprocessing = 0;
		};
		E3FE11102BF4AC900013DA0F /* Resources */ = {
			isa = PBXResourcesBuildPhase;
			buildActionMask = 2147483647;
			files = (
				E3FE111C2BF4AC900013DA0F /* Preview Assets.xcassets in Resources */,
				E3FE11192BF4AC900013DA0F /* Assets.xcassets in Resources */,
			);
			runOnlyForDeploymentPostprocessing = 0;
		};
/* End PBXResourcesBuildPhase section */

/* Begin PBXShellScriptBuildPhase section */
		E36062C82BE6818A0025D152 /* ShellScript */ = {
			isa = PBXShellScriptBuildPhase;
			buildActionMask = 2147483647;
			files = (
			);
			inputFileListPaths = (
			);
			inputPaths = (
			);
			outputFileListPaths = (
			);
			outputPaths = (
			);
			runOnlyForDeploymentPostprocessing = 0;
			shellPath = /bin/sh;
			shellScript = "if [[ \"$(uname -m)\" == arm64 ]]; then\n    export PATH=\"/opt/homebrew/bin:$PATH\"\nfi\n\nif which swiftlint > /dev/null; then\n  swiftlint --fix && swiftlint\nelse\n  echo \"warning: SwiftLint not installed, download from https://github.com/realm/SwiftLint\"\nfi\n";
		};
/* End PBXShellScriptBuildPhase section */

/* Begin PBXSourcesBuildPhase section */
		E360629A2BE680640025D152 /* Sources */ = {
			isa = PBXSourcesBuildPhase;
			buildActionMask = 2147483647;
			files = (
				E36062C02BE681020025D152 /* EcranDejeux.swift in Sources */,
				E36062C72BE681230025D152 /* WatchConnector.swift in Sources */,
				E36062B62BE680E50025D152 /* Player.swift in Sources */,
				E36062A42BE680640025D152 /* ContentView.swift in Sources */,
				E36062B72BE680E50025D152 /* Message.swift in Sources */,
				E36062C22BE681070025D152 /* EcranClassementFin.swift in Sources */,
				E36062BE2BE680ED0025D152 /* PageDemarrage.swift in Sources */,
				E36062BD2BE680ED0025D152 /* MolkyGrid.swift in Sources */,
				E36062B52BE680E50025D152 /* GameBrain.swift in Sources */,
				E36062A22BE680640025D152 /* MolkkyCounterPointApp.swift in Sources */,
				E36062C52BE681150025D152 /* MolkyGridController.swift in Sources */,
				E36062BC2BE680ED0025D152 /* InscriptionDesParticipant.swift in Sources */,
			);
			runOnlyForDeploymentPostprocessing = 0;
		};
		E3FE110E2BF4AC900013DA0F /* Sources */ = {
			isa = PBXSourcesBuildPhase;
			buildActionMask = 2147483647;
			files = (
				E3FE112C2BF4AD550013DA0F /* GameBrain.swift in Sources */,
				E3FE112D2BF4AD550013DA0F /* Message.swift in Sources */,
				E3FE112E2BF4AD550013DA0F /* Player.swift in Sources */,
				E3FE11172BF4AC900013DA0F /* ContentView.swift in Sources */,
				E3FE11252BF4ACFB0013DA0F /* WatchToIos.swift in Sources */,
				E3FE11152BF4AC900013DA0F /* MolkkyCounterPointWatchApp.swift in Sources */,
				E3FE112B2BF4AD110013DA0F /* EcranJeuxWatch.swift in Sources */,
				E3FE11292BF4AD060013DA0F /* EcranClassementFinWatch.swift in Sources */,
				E3FE11272BF4AD010013DA0F /* PageDemarrage.swift in Sources */,
			);
			runOnlyForDeploymentPostprocessing = 0;
		};
/* End PBXSourcesBuildPhase section */

/* Begin PBXTargetDependency section */
		E3FE111E2BF4AC900013DA0F /* PBXTargetDependency */ = {
			isa = PBXTargetDependency;
			target = E3FE11112BF4AC900013DA0F /* MolkkyCounterPointWatch Watch App */;
			targetProxy = E3FE111D2BF4AC900013DA0F /* PBXContainerItemProxy */;
		};
/* End PBXTargetDependency section */

/* Begin XCBuildConfiguration section */
		E36062AB2BE680660025D152 /* Debug */ = {
			isa = XCBuildConfiguration;
			buildSettings = {
				ALWAYS_SEARCH_USER_PATHS = NO;
				ASSETCATALOG_COMPILER_GENERATE_SWIFT_ASSET_SYMBOL_EXTENSIONS = YES;
				CLANG_ANALYZER_NONNULL = YES;
				CLANG_ANALYZER_NUMBER_OBJECT_CONVERSION = YES_AGGRESSIVE;
				CLANG_CXX_LANGUAGE_STANDARD = "gnu++20";
				CLANG_ENABLE_MODULES = YES;
				CLANG_ENABLE_OBJC_ARC = YES;
				CLANG_ENABLE_OBJC_WEAK = YES;
				CLANG_WARN_BLOCK_CAPTURE_AUTORELEASING = YES;
				CLANG_WARN_BOOL_CONVERSION = YES;
				CLANG_WARN_COMMA = YES;
				CLANG_WARN_CONSTANT_CONVERSION = YES;
				CLANG_WARN_DEPRECATED_OBJC_IMPLEMENTATIONS = YES;
				CLANG_WARN_DIRECT_OBJC_ISA_USAGE = YES_ERROR;
				CLANG_WARN_DOCUMENTATION_COMMENTS = YES;
				CLANG_WARN_EMPTY_BODY = YES;
				CLANG_WARN_ENUM_CONVERSION = YES;
				CLANG_WARN_INFINITE_RECURSION = YES;
				CLANG_WARN_INT_CONVERSION = YES;
				CLANG_WARN_NON_LITERAL_NULL_CONVERSION = YES;
				CLANG_WARN_OBJC_IMPLICIT_RETAIN_SELF = YES;
				CLANG_WARN_OBJC_LITERAL_CONVERSION = YES;
				CLANG_WARN_OBJC_ROOT_CLASS = YES_ERROR;
				CLANG_WARN_QUOTED_INCLUDE_IN_FRAMEWORK_HEADER = YES;
				CLANG_WARN_RANGE_LOOP_ANALYSIS = YES;
				CLANG_WARN_STRICT_PROTOTYPES = YES;
				CLANG_WARN_SUSPICIOUS_MOVE = YES;
				CLANG_WARN_UNGUARDED_AVAILABILITY = YES_AGGRESSIVE;
				CLANG_WARN_UNREACHABLE_CODE = YES;
				CLANG_WARN__DUPLICATE_METHOD_MATCH = YES;
				COPY_PHASE_STRIP = NO;
				DEBUG_INFORMATION_FORMAT = dwarf;
				ENABLE_STRICT_OBJC_MSGSEND = YES;
				ENABLE_TESTABILITY = YES;
				ENABLE_USER_SCRIPT_SANDBOXING = NO;
				GCC_C_LANGUAGE_STANDARD = gnu17;
				GCC_DYNAMIC_NO_PIC = NO;
				GCC_NO_COMMON_BLOCKS = YES;
				GCC_OPTIMIZATION_LEVEL = 0;
				GCC_PREPROCESSOR_DEFINITIONS = (
					"DEBUG=1",
					"$(inherited)",
				);
				GCC_WARN_64_TO_32_BIT_CONVERSION = YES;
				GCC_WARN_ABOUT_RETURN_TYPE = YES_ERROR;
				GCC_WARN_UNDECLARED_SELECTOR = YES;
				GCC_WARN_UNINITIALIZED_AUTOS = YES_AGGRESSIVE;
				GCC_WARN_UNUSED_FUNCTION = YES;
				GCC_WARN_UNUSED_VARIABLE = YES;
				LOCALIZATION_PREFERS_STRING_CATALOGS = YES;
				MTL_ENABLE_DEBUG_INFO = INCLUDE_SOURCE;
				MTL_FAST_MATH = YES;
				ONLY_ACTIVE_ARCH = YES;
				SWIFT_ACTIVE_COMPILATION_CONDITIONS = "DEBUG $(inherited)";
				SWIFT_OPTIMIZATION_LEVEL = "-Onone";
			};
			name = Debug;
		};
		E36062AC2BE680660025D152 /* Release */ = {
			isa = XCBuildConfiguration;
			buildSettings = {
				ALWAYS_SEARCH_USER_PATHS = NO;
				ASSETCATALOG_COMPILER_GENERATE_SWIFT_ASSET_SYMBOL_EXTENSIONS = YES;
				CLANG_ANALYZER_NONNULL = YES;
				CLANG_ANALYZER_NUMBER_OBJECT_CONVERSION = YES_AGGRESSIVE;
				CLANG_CXX_LANGUAGE_STANDARD = "gnu++20";
				CLANG_ENABLE_MODULES = YES;
				CLANG_ENABLE_OBJC_ARC = YES;
				CLANG_ENABLE_OBJC_WEAK = YES;
				CLANG_WARN_BLOCK_CAPTURE_AUTORELEASING = YES;
				CLANG_WARN_BOOL_CONVERSION = YES;
				CLANG_WARN_COMMA = YES;
				CLANG_WARN_CONSTANT_CONVERSION = YES;
				CLANG_WARN_DEPRECATED_OBJC_IMPLEMENTATIONS = YES;
				CLANG_WARN_DIRECT_OBJC_ISA_USAGE = YES_ERROR;
				CLANG_WARN_DOCUMENTATION_COMMENTS = YES;
				CLANG_WARN_EMPTY_BODY = YES;
				CLANG_WARN_ENUM_CONVERSION = YES;
				CLANG_WARN_INFINITE_RECURSION = YES;
				CLANG_WARN_INT_CONVERSION = YES;
				CLANG_WARN_NON_LITERAL_NULL_CONVERSION = YES;
				CLANG_WARN_OBJC_IMPLICIT_RETAIN_SELF = YES;
				CLANG_WARN_OBJC_LITERAL_CONVERSION = YES;
				CLANG_WARN_OBJC_ROOT_CLASS = YES_ERROR;
				CLANG_WARN_QUOTED_INCLUDE_IN_FRAMEWORK_HEADER = YES;
				CLANG_WARN_RANGE_LOOP_ANALYSIS = YES;
				CLANG_WARN_STRICT_PROTOTYPES = YES;
				CLANG_WARN_SUSPICIOUS_MOVE = YES;
				CLANG_WARN_UNGUARDED_AVAILABILITY = YES_AGGRESSIVE;
				CLANG_WARN_UNREACHABLE_CODE = YES;
				CLANG_WARN__DUPLICATE_METHOD_MATCH = YES;
				COPY_PHASE_STRIP = NO;
				DEBUG_INFORMATION_FORMAT = "dwarf-with-dsym";
				ENABLE_NS_ASSERTIONS = NO;
				ENABLE_STRICT_OBJC_MSGSEND = YES;
				ENABLE_USER_SCRIPT_SANDBOXING = NO;
				GCC_C_LANGUAGE_STANDARD = gnu17;
				GCC_NO_COMMON_BLOCKS = YES;
				GCC_WARN_64_TO_32_BIT_CONVERSION = YES;
				GCC_WARN_ABOUT_RETURN_TYPE = YES_ERROR;
				GCC_WARN_UNDECLARED_SELECTOR = YES;
				GCC_WARN_UNINITIALIZED_AUTOS = YES_AGGRESSIVE;
				GCC_WARN_UNUSED_FUNCTION = YES;
				GCC_WARN_UNUSED_VARIABLE = YES;
				LOCALIZATION_PREFERS_STRING_CATALOGS = YES;
				MTL_ENABLE_DEBUG_INFO = NO;
				MTL_FAST_MATH = YES;
				SWIFT_COMPILATION_MODE = wholemodule;
			};
			name = Release;
		};
		E36062AE2BE680660025D152 /* Debug */ = {
			isa = XCBuildConfiguration;
			buildSettings = {
				ALWAYS_EMBED_SWIFT_STANDARD_LIBRARIES = YES;
				ASSETCATALOG_COMPILER_APPICON_NAME = AppIcon;
				ASSETCATALOG_COMPILER_GLOBAL_ACCENT_COLOR_NAME = AccentColor;
				CODE_SIGN_ENTITLEMENTS = MolkkyCounterPoint/MolkkyCounterPoint.entitlements;
				CODE_SIGN_STYLE = Automatic;
				CURRENT_PROJECT_VERSION = 1;
				DEVELOPMENT_ASSET_PATHS = "\"MolkkyCounterPoint/Preview Content\"";
				DEVELOPMENT_TEAM = SYWMG74HLL;
				ENABLE_HARDENED_RUNTIME = YES;
				ENABLE_PREVIEWS = YES;
				GENERATE_INFOPLIST_FILE = YES;
				"INFOPLIST_KEY_UIApplicationSceneManifest_Generation[sdk=iphoneos*]" = YES;
				"INFOPLIST_KEY_UIApplicationSceneManifest_Generation[sdk=iphonesimulator*]" = YES;
				"INFOPLIST_KEY_UIApplicationSupportsIndirectInputEvents[sdk=iphoneos*]" = YES;
				"INFOPLIST_KEY_UIApplicationSupportsIndirectInputEvents[sdk=iphonesimulator*]" = YES;
				"INFOPLIST_KEY_UILaunchScreen_Generation[sdk=iphoneos*]" = YES;
				"INFOPLIST_KEY_UILaunchScreen_Generation[sdk=iphonesimulator*]" = YES;
				"INFOPLIST_KEY_UIStatusBarStyle[sdk=iphoneos*]" = UIStatusBarStyleDefault;
				"INFOPLIST_KEY_UIStatusBarStyle[sdk=iphonesimulator*]" = UIStatusBarStyleDefault;
				INFOPLIST_KEY_UISupportedInterfaceOrientations_iPad = "UIInterfaceOrientationPortrait UIInterfaceOrientationPortraitUpsideDown UIInterfaceOrientationLandscapeLeft UIInterfaceOrientationLandscapeRight";
				INFOPLIST_KEY_UISupportedInterfaceOrientations_iPhone = "UIInterfaceOrientationPortrait UIInterfaceOrientationLandscapeLeft UIInterfaceOrientationLandscapeRight";
				IPHONEOS_DEPLOYMENT_TARGET = 17.4;
				LD_RUNPATH_SEARCH_PATHS = "@executable_path/Frameworks";
				"LD_RUNPATH_SEARCH_PATHS[sdk=macosx*]" = "@executable_path/../Frameworks";
				MACOSX_DEPLOYMENT_TARGET = 14.4;
				MARKETING_VERSION = 1.0;
				PRODUCT_BUNDLE_IDENTIFIER = EG..MolkkyCounterPoint;
				PRODUCT_NAME = "$(TARGET_NAME)";
				SDKROOT = auto;
				SUPPORTED_PLATFORMS = "iphoneos iphonesimulator macosx";
				SWIFT_EMIT_LOC_STRINGS = YES;
				SWIFT_VERSION = 5.0;
				TARGETED_DEVICE_FAMILY = "1,2";
			};
			name = Debug;
		};
		E36062AF2BE680660025D152 /* Release */ = {
			isa = XCBuildConfiguration;
			buildSettings = {
				ALWAYS_EMBED_SWIFT_STANDARD_LIBRARIES = YES;
				ASSETCATALOG_COMPILER_APPICON_NAME = AppIcon;
				ASSETCATALOG_COMPILER_GLOBAL_ACCENT_COLOR_NAME = AccentColor;
				CODE_SIGN_ENTITLEMENTS = MolkkyCounterPoint/MolkkyCounterPoint.entitlements;
				CODE_SIGN_STYLE = Automatic;
				CURRENT_PROJECT_VERSION = 1;
				DEVELOPMENT_ASSET_PATHS = "\"MolkkyCounterPoint/Preview Content\"";
				DEVELOPMENT_TEAM = SYWMG74HLL;
				ENABLE_HARDENED_RUNTIME = YES;
				ENABLE_PREVIEWS = YES;
				GENERATE_INFOPLIST_FILE = YES;
				"INFOPLIST_KEY_UIApplicationSceneManifest_Generation[sdk=iphoneos*]" = YES;
				"INFOPLIST_KEY_UIApplicationSceneManifest_Generation[sdk=iphonesimulator*]" = YES;
				"INFOPLIST_KEY_UIApplicationSupportsIndirectInputEvents[sdk=iphoneos*]" = YES;
				"INFOPLIST_KEY_UIApplicationSupportsIndirectInputEvents[sdk=iphonesimulator*]" = YES;
				"INFOPLIST_KEY_UILaunchScreen_Generation[sdk=iphoneos*]" = YES;
				"INFOPLIST_KEY_UILaunchScreen_Generation[sdk=iphonesimulator*]" = YES;
				"INFOPLIST_KEY_UIStatusBarStyle[sdk=iphoneos*]" = UIStatusBarStyleDefault;
				"INFOPLIST_KEY_UIStatusBarStyle[sdk=iphonesimulator*]" = UIStatusBarStyleDefault;
				INFOPLIST_KEY_UISupportedInterfaceOrientations_iPad = "UIInterfaceOrientationPortrait UIInterfaceOrientationPortraitUpsideDown UIInterfaceOrientationLandscapeLeft UIInterfaceOrientationLandscapeRight";
				INFOPLIST_KEY_UISupportedInterfaceOrientations_iPhone = "UIInterfaceOrientationPortrait UIInterfaceOrientationLandscapeLeft UIInterfaceOrientationLandscapeRight";
				IPHONEOS_DEPLOYMENT_TARGET = 17.4;
				LD_RUNPATH_SEARCH_PATHS = "@executable_path/Frameworks";
				"LD_RUNPATH_SEARCH_PATHS[sdk=macosx*]" = "@executable_path/../Frameworks";
				MACOSX_DEPLOYMENT_TARGET = 14.4;
				MARKETING_VERSION = 1.0;
				PRODUCT_BUNDLE_IDENTIFIER = EG..MolkkyCounterPoint;
				PRODUCT_NAME = "$(TARGET_NAME)";
				SDKROOT = auto;
				SUPPORTED_PLATFORMS = "iphoneos iphonesimulator macosx";
				SWIFT_EMIT_LOC_STRINGS = YES;
				SWIFT_VERSION = 5.0;
				TARGETED_DEVICE_FAMILY = "1,2";
			};
			name = Release;
		};
		E3FE11212BF4AC900013DA0F /* Debug */ = {
			isa = XCBuildConfiguration;
			buildSettings = {
				ASSETCATALOG_COMPILER_APPICON_NAME = AppIcon;
				ASSETCATALOG_COMPILER_GLOBAL_ACCENT_COLOR_NAME = AccentColor;
				CODE_SIGN_STYLE = Automatic;
				CURRENT_PROJECT_VERSION = 1;
				DEVELOPMENT_ASSET_PATHS = "\"MolkkyCounterPointWatch Watch App/Preview Content\"";
				DEVELOPMENT_TEAM = SYWMG74HLL;
				ENABLE_PREVIEWS = YES;
				ENABLE_USER_SCRIPT_SANDBOXING = YES;
				GENERATE_INFOPLIST_FILE = YES;
				INFOPLIST_KEY_CFBundleDisplayName = MolkkyCounterPointWatch;
				INFOPLIST_KEY_UISupportedInterfaceOrientations = "UIInterfaceOrientationPortrait UIInterfaceOrientationPortraitUpsideDown";
				INFOPLIST_KEY_WKCompanionAppBundleIdentifier = EG..MolkkyCounterPoint;
				LD_RUNPATH_SEARCH_PATHS = (
					"$(inherited)",
					"@executable_path/Frameworks",
				);
				MARKETING_VERSION = 1.0;
				PRODUCT_BUNDLE_IDENTIFIER = EG..MolkkyCounterPoint.watchkitapp;
				PRODUCT_NAME = "$(TARGET_NAME)";
				SDKROOT = watchos;
				SKIP_INSTALL = YES;
				SWIFT_EMIT_LOC_STRINGS = YES;
				SWIFT_VERSION = 5.0;
				TARGETED_DEVICE_FAMILY = 4;
				WATCHOS_DEPLOYMENT_TARGET = 10.4;
			};
			name = Debug;
		};
		E3FE11222BF4AC900013DA0F /* Release */ = {
			isa = XCBuildConfiguration;
			buildSettings = {
				ASSETCATALOG_COMPILER_APPICON_NAME = AppIcon;
				ASSETCATALOG_COMPILER_GLOBAL_ACCENT_COLOR_NAME = AccentColor;
				CODE_SIGN_STYLE = Automatic;
				CURRENT_PROJECT_VERSION = 1;
				DEVELOPMENT_ASSET_PATHS = "\"MolkkyCounterPointWatch Watch App/Preview Content\"";
				DEVELOPMENT_TEAM = SYWMG74HLL;
				ENABLE_PREVIEWS = YES;
				ENABLE_USER_SCRIPT_SANDBOXING = YES;
				GENERATE_INFOPLIST_FILE = YES;
				INFOPLIST_KEY_CFBundleDisplayName = MolkkyCounterPointWatch;
				INFOPLIST_KEY_UISupportedInterfaceOrientations = "UIInterfaceOrientationPortrait UIInterfaceOrientationPortraitUpsideDown";
				INFOPLIST_KEY_WKCompanionAppBundleIdentifier = EG..MolkkyCounterPoint;
				LD_RUNPATH_SEARCH_PATHS = (
					"$(inherited)",
					"@executable_path/Frameworks",
				);
				MARKETING_VERSION = 1.0;
				PRODUCT_BUNDLE_IDENTIFIER = EG..MolkkyCounterPoint.watchkitapp;
				PRODUCT_NAME = "$(TARGET_NAME)";
				SDKROOT = watchos;
				SKIP_INSTALL = YES;
				SWIFT_EMIT_LOC_STRINGS = YES;
				SWIFT_VERSION = 5.0;
				TARGETED_DEVICE_FAMILY = 4;
				VALIDATE_PRODUCT = YES;
				WATCHOS_DEPLOYMENT_TARGET = 10.4;
			};
			name = Release;
		};
/* End XCBuildConfiguration section */

/* Begin XCConfigurationList section */
		E36062992BE680640025D152 /* Build configuration list for PBXProject "MolkkyCounterPoint" */ = {
			isa = XCConfigurationList;
			buildConfigurations = (
				E36062AB2BE680660025D152 /* Debug */,
				E36062AC2BE680660025D152 /* Release */,
			);
			defaultConfigurationIsVisible = 0;
			defaultConfigurationName = Release;
		};
		E36062AD2BE680660025D152 /* Build configuration list for PBXNativeTarget "MolkkyCounterPoint" */ = {
			isa = XCConfigurationList;
			buildConfigurations = (
				E36062AE2BE680660025D152 /* Debug */,
				E36062AF2BE680660025D152 /* Release */,
			);
			defaultConfigurationIsVisible = 0;
			defaultConfigurationName = Release;
		};
		E3FE11232BF4AC900013DA0F /* Build configuration list for PBXNativeTarget "MolkkyCounterPointWatch Watch App" */ = {
			isa = XCConfigurationList;
			buildConfigurations = (
				E3FE11212BF4AC900013DA0F /* Debug */,
				E3FE11222BF4AC900013DA0F /* Release */,
			);
			defaultConfigurationIsVisible = 0;
			defaultConfigurationName = Release;
		};
/* End XCConfigurationList section */
	};
	rootObject = E36062962BE680640025D152 /* Project object */;
}
